// !$*UTF8*$!
{
	archiveVersion = 1;
	classes = {
	};
	objectVersion = 55;
	objects = {

/* Begin PBXBuildFile section */
		FA592C0327F317B7007D403D /* AppDelegate.swift in Sources */ = {isa = PBXBuildFile; fileRef = FA592C0227F317B7007D403D /* AppDelegate.swift */; };
		FA592C0527F317B7007D403D /* SceneDelegate.swift in Sources */ = {isa = PBXBuildFile; fileRef = FA592C0427F317B7007D403D /* SceneDelegate.swift */; };
		FA592C0727F317B7007D403D /* ViewController.swift in Sources */ = {isa = PBXBuildFile; fileRef = FA592C0627F317B7007D403D /* ViewController.swift */; };
		FA592C0A27F317B7007D403D /* Main.storyboard in Resources */ = {isa = PBXBuildFile; fileRef = FA592C0827F317B7007D403D /* Main.storyboard */; };
		FA592C0C27F317B9007D403D /* Assets.xcassets in Resources */ = {isa = PBXBuildFile; fileRef = FA592C0B27F317B9007D403D /* Assets.xcassets */; };
		FA592C0F27F317B9007D403D /* LaunchScreen.storyboard in Resources */ = {isa = PBXBuildFile; fileRef = FA592C0D27F317B9007D403D /* LaunchScreen.storyboard */; };
		FA8A8E1427F35FB200B9CF6B /* FunFactViewController.swift in Sources */ = {isa = PBXBuildFile; fileRef = FA8A8E1327F35FB200B9CF6B /* FunFactViewController.swift */; };
		FAB61B6B27F38E3B009DEB21 /* FunFact.swift in Sources */ = {isa = PBXBuildFile; fileRef = FAB61B6A27F38E3B009DEB21 /* FunFact.swift */; };
/* End PBXBuildFile section */

/* Begin PBXFileReference section */
		FA592BFF27F317B7007D403D /* FunFacts.app */ = {isa = PBXFileReference; explicitFileType = wrapper.application; includeInIndex = 0; path = FunFacts.app; sourceTree = BUILT_PRODUCTS_DIR; };
		FA592C0227F317B7007D403D /* AppDelegate.swift */ = {isa = PBXFileReference; lastKnownFileType = sourcecode.swift; path = AppDelegate.swift; sourceTree = "<group>"; };
		FA592C0427F317B7007D403D /* SceneDelegate.swift */ = {isa = PBXFileReference; lastKnownFileType = sourcecode.swift; path = SceneDelegate.swift; sourceTree = "<group>"; };
		FA592C0627F317B7007D403D /* ViewController.swift */ = {isa = PBXFileReference; lastKnownFileType = sourcecode.swift; path = ViewController.swift; sourceTree = "<group>"; };
		FA592C0927F317B7007D403D /* Base */ = {isa = PBXFileReference; lastKnownFileType = file.storyboard; name = Base; path = Base.lproj/Main.storyboard; sourceTree = "<group>"; };
		FA592C0B27F317B9007D403D /* Assets.xcassets */ = {isa = PBXFileReference; lastKnownFileType = folder.assetcatalog; path = Assets.xcassets; sourceTree = "<group>"; };
		FA592C0E27F317B9007D403D /* Base */ = {isa = PBXFileReference; lastKnownFileType = file.storyboard; name = Base; path = Base.lproj/LaunchScreen.storyboard; sourceTree = "<group>"; };
		FA592C1027F317B9007D403D /* Info.plist */ = {isa = PBXFileReference; lastKnownFileType = text.plist.xml; path = Info.plist; sourceTree = "<group>"; };
		FA8A8E1327F35FB200B9CF6B /* FunFactViewController.swift */ = {isa = PBXFileReference; lastKnownFileType = sourcecode.swift; path = FunFactViewController.swift; sourceTree = "<group>"; };
		FAB61B6A27F38E3B009DEB21 /* FunFact.swift */ = {isa = PBXFileReference; lastKnownFileType = sourcecode.swift; path = FunFact.swift; sourceTree = "<group>"; };
/* End PBXFileReference section */

/* Begin PBXFrameworksBuildPhase section */
		FA592BFC27F317B7007D403D /* Frameworks */ = {
			isa = PBXFrameworksBuildPhase;
			buildActionMask = 2147483647;
			files = (
			);
			runOnlyForDeploymentPostprocessing = 0;
		};
/* End PBXFrameworksBuildPhase section */

/* Begin PBXGroup section */
		FA592BF627F317B7007D403D = {
			isa = PBXGroup;
			children = (
				FA592C0127F317B7007D403D /* FunFacts */,
				FA592C0027F317B7007D403D /* Products */,
			);
			sourceTree = "<group>";
		};
		FA592C0027F317B7007D403D /* Products */ = {
			isa = PBXGroup;
			children = (
				FA592BFF27F317B7007D403D /* FunFacts.app */,
			);
			name = Products;
			sourceTree = "<group>";
		};
		FA592C0127F317B7007D403D /* FunFacts */ = {
			isa = PBXGroup;
			children = (
				FA592C1627F354DB007D403D /* ViiewControllers */,
				FA5F44F027F358880098DE3E /* Model */,
				FA592C1827F35502007D403D /* Storybord */,
				FA592C1927F3551C007D403D /* App */,
				FA5F44F227F359CA0098DE3E /* Resorces */,
				FA592C1027F317B9007D403D /* Info.plist */,
			);
			path = FunFacts;
			sourceTree = "<group>";
		};
		FA592C1627F354DB007D403D /* ViiewControllers */ = {
			isa = PBXGroup;
			children = (
				FA592C0627F317B7007D403D /* ViewController.swift */,
				FA8A8E1327F35FB200B9CF6B /* FunFactViewController.swift */,
			);
			path = ViiewControllers;
			sourceTree = "<group>";
		};
		FA592C1827F35502007D403D /* Storybord */ = {
			isa = PBXGroup;
			children = (
				FA592C0827F317B7007D403D /* Main.storyboard */,
				FA592C0D27F317B9007D403D /* LaunchScreen.storyboard */,
			);
			path = Storybord;
			sourceTree = "<group>";
		};
		FA592C1927F3551C007D403D /* App */ = {
			isa = PBXGroup;
			children = (
				FA592C0227F317B7007D403D /* AppDelegate.swift */,
				FA592C0427F317B7007D403D /* SceneDelegate.swift */,
			);
			path = App;
			sourceTree = "<group>";
		};
		FA5F44F027F358880098DE3E /* Model */ = {
			isa = PBXGroup;
			children = (
				FAB61B6A27F38E3B009DEB21 /* FunFact.swift */,
			);
			path = Model;
			sourceTree = "<group>";
		};
		FA5F44F227F359CA0098DE3E /* Resorces */ = {
			isa = PBXGroup;
			children = (
				FA592C0B27F317B9007D403D /* Assets.xcassets */,
			);
			path = Resorces;
			sourceTree = "<group>";
		};
/* End PBXGroup section */

/* Begin PBXNativeTarget section */
		FA592BFE27F317B7007D403D /* FunFacts */ = {
			isa = PBXNativeTarget;
			buildConfigurationList = FA592C1327F317B9007D403D /* Build configuration list for PBXNativeTarget "FunFacts" */;
			buildPhases = (
				FA592BFB27F317B7007D403D /* Sources */,
				FA592BFC27F317B7007D403D /* Frameworks */,
				FA592BFD27F317B7007D403D /* Resources */,
			);
			buildRules = (
			);
			dependencies = (
			);
			name = FunFacts;
			productName = FunFacts;
			productReference = FA592BFF27F317B7007D403D /* FunFacts.app */;
			productType = "com.apple.product-type.application";
		};
/* End PBXNativeTarget section */

/* Begin PBXProject section */
		FA592BF727F317B7007D403D /* Project object */ = {
			isa = PBXProject;
			attributes = {
				BuildIndependentTargetsInParallel = 1;
				LastSwiftUpdateCheck = 1330;
				LastUpgradeCheck = 1330;
				TargetAttributes = {
					FA592BFE27F317B7007D403D = {
						CreatedOnToolsVersion = 13.3;
					};
				};
			};
			buildConfigurationList = FA592BFA27F317B7007D403D /* Build configuration list for PBXProject "FunFacts" */;
			compatibilityVersion = "Xcode 13.0";
			developmentRegion = en;
			hasScannedForEncodings = 0;
			knownRegions = (
				en,
				Base,
			);
			mainGroup = FA592BF627F317B7007D403D;
			productRefGroup = FA592C0027F317B7007D403D /* Products */;
			projectDirPath = "";
			projectRoot = "";
			targets = (
				FA592BFE27F317B7007D403D /* FunFacts */,
			);
		};
/* End PBXProject section */

/* Begin PBXResourcesBuildPhase section */
		FA592BFD27F317B7007D403D /* Resources */ = {
			isa = PBXResourcesBuildPhase;
			buildActionMask = 2147483647;
			files = (
				FA592C0F27F317B9007D403D /* LaunchScreen.storyboard in Resources */,
				FA592C0C27F317B9007D403D /* Assets.xcassets in Resources */,
				FA592C0A27F317B7007D403D /* Main.storyboard in Resources */,
			);
			runOnlyForDeploymentPostprocessing = 0;
		};
/* End PBXResourcesBuildPhase section */

/* Begin PBXSourcesBuildPhase section */
		FA592BFB27F317B7007D403D /* Sources */ = {
			isa = PBXSourcesBuildPhase;
			buildActionMask = 2147483647;
			files = (
				FA8A8E1427F35FB200B9CF6B /* FunFactViewController.swift in Sources */,
				FA592C0727F317B7007D403D /* ViewController.swift in Sources */,
				FA592C0327F317B7007D403D /* AppDelegate.swift in Sources */,
				FAB61B6B27F38E3B009DEB21 /* FunFact.swift in Sources */,
				FA592C0527F317B7007D403D /* SceneDelegate.swift in Sources */,
			);
			runOnlyForDeploymentPostprocessing = 0;
		};
/* End PBXSourcesBuildPhase section */

/* Begin PBXVariantGroup section */
		FA592C0827F317B7007D403D /* Main.storyboard */ = {
			isa = PBXVariantGroup;
			children = (
				FA592C0927F317B7007D403D /* Base */,
			);
			name = Main.storyboard;
			sourceTree = "<group>";
		};
		FA592C0D27F317B9007D403D /* LaunchScreen.storyboard */ = {
			isa = PBXVariantGroup;
			children = (
				FA592C0E27F317B9007D403D /* Base */,
			);
			name = LaunchScreen.storyboard;
			sourceTree = "<group>";
		};
/* End PBXVariantGroup section */

/* Begin XCBuildConfiguration section */
		FA592C1127F317B9007D403D /* Debug */ = {
			isa = XCBuildConfiguration;
			buildSettings = {
				ALWAYS_SEARCH_USER_PATHS = NO;
				CLANG_ANALYZER_NONNULL = YES;
				CLANG_ANALYZER_NUMBER_OBJECT_CONVERSION = YES_AGGRESSIVE;
				CLANG_CXX_LANGUAGE_STANDARD = "gnu++17";
				CLANG_ENABLE_MODULES = YES;
				CLANG_ENABLE_OBJC_ARC = YES;
				CLANG_ENABLE_OBJC_WEAK = YES;
				CLANG_WARN_BLOCK_CAPTURE_AUTORELEASING = YES;
				CLANG_WARN_BOOL_CONVERSION = YES;
				CLANG_WARN_COMMA = YES;
				CLANG_WARN_CONSTANT_CONVERSION = YES;
				CLANG_WARN_DEPRECATED_OBJC_IMPLEMENTATIONS = YES;
				CLANG_WARN_DIRECT_OBJC_ISA_USAGE = YES_ERROR;
				CLANG_WARN_DOCUMENTATION_COMMENTS = YES;
				CLANG_WARN_EMPTY_BODY = YES;
				CLANG_WARN_ENUM_CONVERSION = YES;
				CLANG_WARN_INFINITE_RECURSION = YES;
				CLANG_WARN_INT_CONVERSION = YES;
				CLANG_WARN_NON_LITERAL_NULL_CONVERSION = YES;
				CLANG_WARN_OBJC_IMPLICIT_RETAIN_SELF = YES;
				CLANG_WARN_OBJC_LITERAL_CONVERSION = YES;
				CLANG_WARN_OBJC_ROOT_CLASS = YES_ERROR;
				CLANG_WARN_QUOTED_INCLUDE_IN_FRAMEWORK_HEADER = YES;
				CLANG_WARN_RANGE_LOOP_ANALYSIS = YES;
				CLANG_WARN_STRICT_PROTOTYPES = YES;
				CLANG_WARN_SUSPICIOUS_MOVE = YES;
				CLANG_WARN_UNGUARDED_AVAILABILITY = YES_AGGRESSIVE;
				CLANG_WARN_UNREACHABLE_CODE = YES;
				CLANG_WARN__DUPLICATE_METHOD_MATCH = YES;
				COPY_PHASE_STRIP = NO;
				DEBUG_INFORMATION_FORMAT = dwarf;
				ENABLE_STRICT_OBJC_MSGSEND = YES;
				ENABLE_TESTABILITY = YES;
				GCC_C_LANGUAGE_STANDARD = gnu11;
				GCC_DYNAMIC_NO_PIC = NO;
				GCC_NO_COMMON_BLOCKS = YES;
				GCC_OPTIMIZATION_LEVEL = 0;
				GCC_PREPROCESSOR_DEFINITIONS = (
					"DEBUG=1",
					"$(inherited)",
				);
				GCC_WARN_64_TO_32_BIT_CONVERSION = YES;
				GCC_WARN_ABOUT_RETURN_TYPE = YES_ERROR;
				GCC_WARN_UNDECLARED_SELECTOR = YES;
				GCC_WARN_UNINITIALIZED_AUTOS = YES_AGGRESSIVE;
				GCC_WARN_UNUSED_FUNCTION = YES;
				GCC_WARN_UNUSED_VARIABLE = YES;
				IPHONEOS_DEPLOYMENT_TARGET = 15.4;
				MTL_ENABLE_DEBUG_INFO = INCLUDE_SOURCE;
				MTL_FAST_MATH = YES;
				ONLY_ACTIVE_ARCH = YES;
				SDKROOT = iphoneos;
				SWIFT_ACTIVE_COMPILATION_CONDITIONS = DEBUG;
				SWIFT_OPTIMIZATION_LEVEL = "-Onone";
			};
			name = Debug;
		};
		FA592C1227F317B9007D403D /* Release */ = {
			isa = XCBuildConfiguration;
			buildSettings = {
				ALWAYS_SEARCH_USER_PATHS = NO;
				CLANG_ANALYZER_NONNULL = YES;
				CLANG_ANALYZER_NUMBER_OBJECT_CONVERSION = YES_AGGRESSIVE;
				CLANG_CXX_LANGUAGE_STANDARD = "gnu++17";
				CLANG_ENABLE_MODULES = YES;
				CLANG_ENABLE_OBJC_ARC = YES;
				CLANG_ENABLE_OBJC_WEAK = YES;
				CLANG_WARN_BLOCK_CAPTURE_AUTORELEASING = YES;
				CLANG_WARN_BOOL_CONVERSION = YES;
				CLANG_WARN_COMMA = YES;
				CLANG_WARN_CONSTANT_CONVERSION = YES;
				CLANG_WARN_DEPRECATED_OBJC_IMPLEMENTATIONS = YES;
				CLANG_WARN_DIRECT_OBJC_ISA_USAGE = YES_ERROR;
				CLANG_WARN_DOCUMENTATION_COMMENTS = YES;
				CLANG_WARN_EMPTY_BODY = YES;
				CLANG_WARN_ENUM_CONVERSION = YES;
				CLANG_WARN_INFINITE_RECURSION = YES;
				CLANG_WARN_INT_CONVERSION = YES;
				CLANG_WARN_NON_LITERAL_NULL_CONVERSION = YES;
				CLANG_WARN_OBJC_IMPLICIT_RETAIN_SELF = YES;
				CLANG_WARN_OBJC_LITERAL_CONVERSION = YES;
				CLANG_WARN_OBJC_ROOT_CLASS = YES_ERROR;
				CLANG_WARN_QUOTED_INCLUDE_IN_FRAMEWORK_HEADER = YES;
				CLANG_WARN_RANGE_LOOP_ANALYSIS = YES;
				CLANG_WARN_STRICT_PROTOTYPES = YES;
				CLANG_WARN_SUSPICIOUS_MOVE = YES;
				CLANG_WARN_UNGUARDED_AVAILABILITY = YES_AGGRESSIVE;
				CLANG_WARN_UNREACHABLE_CODE = YES;
				CLANG_WARN__DUPLICATE_METHOD_MATCH = YES;
				COPY_PHASE_STRIP = NO;
				DEBUG_INFORMATION_FORMAT = "dwarf-with-dsym";
				ENABLE_NS_ASSERTIONS = NO;
				ENABLE_STRICT_OBJC_MSGSEND = YES;
				GCC_C_LANGUAGE_STANDARD = gnu11;
				GCC_NO_COMMON_BLOCKS = YES;
				GCC_WARN_64_TO_32_BIT_CONVERSION = YES;
				GCC_WARN_ABOUT_RETURN_TYPE = YES_ERROR;
				GCC_WARN_UNDECLARED_SELECTOR = YES;
				GCC_WARN_UNINITIALIZED_AUTOS = YES_AGGRESSIVE;
				GCC_WARN_UNUSED_FUNCTION = YES;
				GCC_WARN_UNUSED_VARIABLE = YES;
				IPHONEOS_DEPLOYMENT_TARGET = 15.4;
				MTL_ENABLE_DEBUG_INFO = NO;
				MTL_FAST_MATH = YES;
				SDKROOT = iphoneos;
				SWIFT_COMPILATION_MODE = wholemodule;
				SWIFT_OPTIMIZATION_LEVEL = "-O";
				VALIDATE_PRODUCT = YES;
			};
			name = Release;
		};
		FA592C1427F317B9007D403D /* Debug */ = {
			isa = XCBuildConfiguration;
			buildSettings = {
				ASSETCATALOG_COMPILER_APPICON_NAME = AppIcon;
				ASSETCATALOG_COMPILER_GLOBAL_ACCENT_COLOR_NAME = AccentColor;
				CODE_SIGN_STYLE = Automatic;
				CURRENT_PROJECT_VERSION = 1;
				DEVELOPMENT_TEAM = 2BFW3H2GU9;
				GENERATE_INFOPLIST_FILE = YES;
				INFOPLIST_FILE = FunFacts/Info.plist;
				INFOPLIST_KEY_UIApplicationSupportsIndirectInputEvents = YES;
				INFOPLIST_KEY_UILaunchStoryboardName = LaunchScreen;
				INFOPLIST_KEY_UIMainStoryboardFile = Main;
				INFOPLIST_KEY_UISupportedInterfaceOrientations_iPad = "UIInterfaceOrientationPortrait UIInterfaceOrientationPortraitUpsideDown UIInterfaceOrientationLandscapeLeft UIInterfaceOrientationLandscapeRight";
				INFOPLIST_KEY_UISupportedInterfaceOrientations_iPhone = "UIInterfaceOrientationPortrait UIInterfaceOrientationLandscapeLeft UIInterfaceOrientationLandscapeRight";
				LD_RUNPATH_SEARCH_PATHS = (
					"$(inherited)",
					"@executable_path/Frameworks",
				);
				MARKETING_VERSION = 1.0;
				PRODUCT_BUNDLE_IDENTIFIER = "-.FunFacts";
				PRODUCT_NAME = "$(TARGET_NAME)";
				SWIFT_EMIT_LOC_STRINGS = YES;
				SWIFT_VERSION = 5.0;
				TARGETED_DEVICE_FAMILY = "1,2";
			};
			name = Debug;
		};
		FA592C1527F317B9007D403D /* Release */ = {
			isa = XCBuildConfiguration;
			buildSettings = {
				ASSETCATALOG_COMPILER_APPICON_NAME = AppIcon;
				ASSETCATALOG_COMPILER_GLOBAL_ACCENT_COLOR_NAME = AccentColor;
				CODE_SIGN_STYLE = Automatic;
				CURRENT_PROJECT_VERSION = 1;
				DEVELOPMENT_TEAM = 2BFW3H2GU9;
				GENERATE_INFOPLIST_FILE = YES;
				INFOPLIST_FILE = FunFacts/Info.plist;
				INFOPLIST_KEY_UIApplicationSupportsIndirectInputEvents = YES;
				INFOPLIST_KEY_UILaunchStoryboardName = LaunchScreen;
				INFOPLIST_KEY_UIMainStoryboardFile = Main;
				INFOPLIST_KEY_UISupportedInterfaceOrientations_iPad = "UIInterfaceOrientationPortrait UIInterfaceOrientationPortraitUpsideDown UIInterfaceOrientationLandscapeLeft UIInterfaceOrientationLandscapeRight";
				INFOPLIST_KEY_UISupportedInterfaceOrientations_iPhone = "UIInterfaceOrientationPortrait UIInterfaceOrientationLandscapeLeft UIInterfaceOrientationLandscapeRight";
				LD_RUNPATH_SEARCH_PATHS = (
					"$(inherited)",
					"@executable_path/Frameworks",
				);
				MARKETING_VERSION = 1.0;
				PRODUCT_BUNDLE_IDENTIFIER = "-.FunFacts";
				PRODUCT_NAME = "$(TARGET_NAME)";
				SWIFT_EMIT_LOC_STRINGS = YES;
				SWIFT_VERSION = 5.0;
				TARGETED_DEVICE_FAMILY = "1,2";
			};
			name = Release;
		};
/* End XCBuildConfiguration section */

/* Begin XCConfigurationList section */
		FA592BFA27F317B7007D403D /* Build configuration list for PBXProject "FunFacts" */ = {
			isa = XCConfigurationList;
			buildConfigurations = (
				FA592C1127F317B9007D403D /* Debug */,
				FA592C1227F317B9007D403D /* Release */,
			);
			defaultConfigurationIsVisible = 0;
			defaultConfigurationName = Release;
		};
		FA592C1327F317B9007D403D /* Build configuration list for PBXNativeTarget "FunFacts" */ = {
			isa = XCConfigurationList;
			buildConfigurations = (
				FA592C1427F317B9007D403D /* Debug */,
				FA592C1527F317B9007D403D /* Release */,
			);
			defaultConfigurationIsVisible = 0;
			defaultConfigurationName = Release;
		};
/* End XCConfigurationList section */
	};
	rootObject = FA592BF727F317B7007D403D /* Project object */;
}
